
Microsoft Visual Studio Solution File, Format Version 12.00
# Visual Studio Version 16
VisualStudioVersion = 16.0.31702.278
MinimumVisualStudioVersion = 10.0.40219.1
Project("{FAE04EC0-301F-11D3-BF4B-00C04F79EFBC}") = "Bilgi_Yarısması_if_else", "Bilgi_Yarısması_if_else\Bilgi_Yarısması_if_else.csproj", "{70102029-67FA-44EF-8E92-2D9921F97B0B}"
EndProject
Global
	GlobalSection(SolutionConfigurationPlatforms) = preSolution
		Debug|Any CPU = Debug|Any CPU
		Release|Any CPU = Release|Any CPU
	EndGlobalSection
	GlobalSection(ProjectConfigurationPlatforms) = postSolution
		{70102029-67FA-44EF-8E92-2D9921F97B0B}.Debug|Any CPU.ActiveCfg = Debug|Any CPU
		{70102029-67FA-44EF-8E92-2D9921F97B0B}.Debug|Any CPU.Build.0 = Debug|Any CPU
		{70102029-67FA-44EF-8E92-2D9921F97B0B}.Release|Any CPU.ActiveCfg = Release|Any CPU
		{70102029-67FA-44EF-8E92-2D9921F97B0B}.Release|Any CPU.Build.0 = Release|Any CPU
	EndGlobalSection
	GlobalSection(SolutionProperties) = preSolution
		HideSolutionNode = FALSE
	EndGlobalSection
	GlobalSection(ExtensibilityGlobals) = postSolution
		SolutionGuid = {EBE95EA9-EFB4-4C30-9C9F-BB5AF311DE04}
	EndGlobalSection
EndGlobal
